{
  "name": "lsp-box",
  "version": "0.0.1",
  "lockfileVersion": 1,
  "requires": true,
  "dependencies": {
    "@types/microsoft__typescript-etw": {
      "version": "0.1.1",
      "resolved": "https://registry.nlark.com/@types/microsoft__typescript-etw/download/@types/microsoft__typescript-etw-0.1.1.tgz",
      "integrity": "sha1-8snYNYWIJ0IvO1iF+a+wy9rZU4E=",
      "dev": true
    },
    "open-typescript": {
      "version": "4.5.0-dev.20210906",
      "resolved": "https://registry.npmmirror.com/open-typescript/download/open-typescript-4.5.0-dev.20210906.tgz",
      "integrity": "sha1-Uu5tBwN0gLJSi/SF2MiKTAMNwoY=",
      "dev": true
    },
    "prettier": {
      "version": "2.2.1",
      "resolved": "https://registry.nlark.com/prettier/download/prettier-2.2.1.tgz?cache=0&sync_timestamp=1631777138030&other_urls=https%3A%2F%2Fregistry.nlark.com%2Fprettier%2Fdownload%2Fprettier-2.2.1.tgz",
      "integrity": "sha1-eVoaeN1S8HPaDNQrIfnJE4GSP/U=",
      "dev": true
    },
    "typescript": {
      "version": "4.4.4",
      "resolved": "https://registry.npmmirror.com/typescript/download/typescript-4.4.4.tgz?cache=0&sync_timestamp=1636787920585&other_urls=https%3A%2F%2Fregistry.npmmirror.com%2Ftypescript%2Fdownload%2Ftypescript-4.4.4.tgz",
      "integrity": "sha1-LNAaGh8WBwTTEB/VpY/w+fy4Aww="
    }
  }
}
